
Microsoft Visual Studio Solution File, Format Version 12.00
# Visual Studio Version 16
VisualStudioVersion = 16.0.31005.135
MinimumVisualStudioVersion = 10.0.40219.1
Project("{FAE04EC0-301F-11D3-BF4B-00C04F79EFBC}") = "LearnTodayWebAPI", "LearnTodayWebAPI\LearnTodayWebAPI.csproj", "{310B3DA2-6730-4810-98CA-51D855BFFB41}"
EndProject
Global
	GlobalSection(SolutionConfigurationPlatforms) = preSolution
		Debug|Any CPU = Debug|Any CPU
		Release|Any CPU = Release|Any CPU
	EndGlobalSection
	GlobalSection(ProjectConfigurationPlatforms) = postSolution
		{310B3DA2-6730-4810-98CA-51D855BFFB41}.Debug|Any CPU.ActiveCfg = Debug|Any CPU
		{310B3DA2-6730-4810-98CA-51D855BFFB41}.Debug|Any CPU.Build.0 = Debug|Any CPU
		{310B3DA2-6730-4810-98CA-51D855BFFB41}.Release|Any CPU.ActiveCfg = Release|Any CPU
		{310B3DA2-6730-4810-98CA-51D855BFFB41}.Release|Any CPU.Build.0 = Release|Any CPU
	EndGlobalSection
	GlobalSection(SolutionProperties) = preSolution
		HideSolutionNode = FALSE
	EndGlobalSection
	GlobalSection(ExtensibilityGlobals) = postSolution
		SolutionGuid = {F6F15E41-DEB3-4AA0-B888-2CACF08439D6}
	EndGlobalSection
EndGlobal
